// !$*UTF8*$!
{
	archiveVersion = 1;
	classes = {
	};
	objectVersion = 50;
	objects = {

/* Begin PBXBuildFile section */
		6D41C1D2253F88B3003B4A88 /* BookwormApp.swift in Sources */ = {isa = PBXBuildFile; fileRef = 6D41C1D1253F88B3003B4A88 /* BookwormApp.swift */; };
		6D41C1D4253F88B3003B4A88 /* ContentView.swift in Sources */ = {isa = PBXBuildFile; fileRef = 6D41C1D3253F88B3003B4A88 /* ContentView.swift */; };
		6D41C1D6253F88B5003B4A88 /* Assets.xcassets in Resources */ = {isa = PBXBuildFile; fileRef = 6D41C1D5253F88B5003B4A88 /* Assets.xcassets */; };
		6D41C1D9253F88B5003B4A88 /* Preview Assets.xcassets in Resources */ = {isa = PBXBuildFile; fileRef = 6D41C1D8253F88B5003B4A88 /* Preview Assets.xcassets */; };
		6D41C1DB253F88B5003B4A88 /* Persistence.swift in Sources */ = {isa = PBXBuildFile; fileRef = 6D41C1DA253F88B5003B4A88 /* Persistence.swift */; };
		6D41C1F02540E530003B4A88 /* AddBookView.swift in Sources */ = {isa = PBXBuildFile; fileRef = 6D41C1EF2540E530003B4A88 /* AddBookView.swift */; };
		6D41C1FA2540F551003B4A88 /* Bookworm.xcdatamodeld in Sources */ = {isa = PBXBuildFile; fileRef = 6D41C1F82540F551003B4A88 /* Bookworm.xcdatamodeld */; };
		6D41C1FF2540FF90003B4A88 /* RatingView.swift in Sources */ = {isa = PBXBuildFile; fileRef = 6D41C1FE2540FF90003B4A88 /* RatingView.swift */; };
		6D41C20425410548003B4A88 /* EmojiRatingView.swift in Sources */ = {isa = PBXBuildFile; fileRef = 6D41C20325410548003B4A88 /* EmojiRatingView.swift */; };
		6D41C208254237E3003B4A88 /* DetailView.swift in Sources */ = {isa = PBXBuildFile; fileRef = 6D41C207254237E3003B4A88 /* DetailView.swift */; };
		6D41C20C254390F1003B4A88 /* bookworm.gif in Resources */ = {isa = PBXBuildFile; fileRef = 6D41C20B254390F1003B4A88 /* bookworm.gif */; };
/* End PBXBuildFile section */

/* Begin PBXFileReference section */
		6D41C1CE253F88B3003B4A88 /* Bookworm.app */ = {isa = PBXFileReference; explicitFileType = wrapper.application; includeInIndex = 0; path = Bookworm.app; sourceTree = BUILT_PRODUCTS_DIR; };
		6D41C1D1253F88B3003B4A88 /* BookwormApp.swift */ = {isa = PBXFileReference; lastKnownFileType = sourcecode.swift; path = BookwormApp.swift; sourceTree = "<group>"; };
		6D41C1D3253F88B3003B4A88 /* ContentView.swift */ = {isa = PBXFileReference; lastKnownFileType = sourcecode.swift; path = ContentView.swift; sourceTree = "<group>"; };
		6D41C1D5253F88B5003B4A88 /* Assets.xcassets */ = {isa = PBXFileReference; lastKnownFileType = folder.assetcatalog; path = Assets.xcassets; sourceTree = "<group>"; };
		6D41C1D8253F88B5003B4A88 /* Preview Assets.xcassets */ = {isa = PBXFileReference; lastKnownFileType = folder.assetcatalog; path = "Preview Assets.xcassets"; sourceTree = "<group>"; };
		6D41C1DA253F88B5003B4A88 /* Persistence.swift */ = {isa = PBXFileReference; lastKnownFileType = sourcecode.swift; path = Persistence.swift; sourceTree = "<group>"; };
		6D41C1DF253F88B5003B4A88 /* Info.plist */ = {isa = PBXFileReference; lastKnownFileType = text.plist.xml; path = Info.plist; sourceTree = "<group>"; };
		6D41C1EF2540E530003B4A88 /* AddBookView.swift */ = {isa = PBXFileReference; lastKnownFileType = sourcecode.swift; path = AddBookView.swift; sourceTree = "<group>"; };
		6D41C1F92540F551003B4A88 /* Bookworm.xcdatamodel */ = {isa = PBXFileReference; lastKnownFileType = wrapper.xcdatamodel; path = Bookworm.xcdatamodel; sourceTree = "<group>"; };
		6D41C1FD2540F5C7003B4A88 /* README.md */ = {isa = PBXFileReference; lastKnownFileType = net.daringfireball.markdown; path = README.md; sourceTree = "<group>"; };
		6D41C1FE2540FF90003B4A88 /* RatingView.swift */ = {isa = PBXFileReference; lastKnownFileType = sourcecode.swift; path = RatingView.swift; sourceTree = "<group>"; };
		6D41C20325410548003B4A88 /* EmojiRatingView.swift */ = {isa = PBXFileReference; lastKnownFileType = sourcecode.swift; path = EmojiRatingView.swift; sourceTree = "<group>"; };
		6D41C207254237E3003B4A88 /* DetailView.swift */ = {isa = PBXFileReference; lastKnownFileType = sourcecode.swift; path = DetailView.swift; sourceTree = "<group>"; };
		6D41C20B254390F1003B4A88 /* bookworm.gif */ = {isa = PBXFileReference; lastKnownFileType = image.gif; path = bookworm.gif; sourceTree = "<group>"; };
/* End PBXFileReference section */

/* Begin PBXFrameworksBuildPhase section */
		6D41C1CB253F88B3003B4A88 /* Frameworks */ = {
			isa = PBXFrameworksBuildPhase;
			buildActionMask = 2147483647;
			files = (
			);
			runOnlyForDeploymentPostprocessing = 0;
		};
/* End PBXFrameworksBuildPhase section */

/* Begin PBXGroup section */
		6D41C1C5253F88B3003B4A88 = {
			isa = PBXGroup;
			children = (
				6D41C1D0253F88B3003B4A88 /* Bookworm */,
				6D41C1CF253F88B3003B4A88 /* Products */,
				6D41C20B254390F1003B4A88 /* bookworm.gif */,
				6D41C1FD2540F5C7003B4A88 /* README.md */,
			);
			sourceTree = "<group>";
		};
		6D41C1CF253F88B3003B4A88 /* Products */ = {
			isa = PBXGroup;
			children = (
				6D41C1CE253F88B3003B4A88 /* Bookworm.app */,
			);
			name = Products;
			sourceTree = "<group>";
		};
		6D41C1D0253F88B3003B4A88 /* Bookworm */ = {
			isa = PBXGroup;
			children = (
				6D41C1D1253F88B3003B4A88 /* BookwormApp.swift */,
				6D41C1DA253F88B5003B4A88 /* Persistence.swift */,
				6D41C1D3253F88B3003B4A88 /* ContentView.swift */,
				6D41C1EF2540E530003B4A88 /* AddBookView.swift */,
				6D41C1FE2540FF90003B4A88 /* RatingView.swift */,
				6D41C20325410548003B4A88 /* EmojiRatingView.swift */,
				6D41C207254237E3003B4A88 /* DetailView.swift */,
				6D41C1F82540F551003B4A88 /* Bookworm.xcdatamodeld */,
				6D41C1D5253F88B5003B4A88 /* Assets.xcassets */,
				6D41C1DF253F88B5003B4A88 /* Info.plist */,
				6D41C1D7253F88B5003B4A88 /* Preview Content */,
			);
			path = Bookworm;
			sourceTree = "<group>";
		};
		6D41C1D7253F88B5003B4A88 /* Preview Content */ = {
			isa = PBXGroup;
			children = (
				6D41C1D8253F88B5003B4A88 /* Preview Assets.xcassets */,
			);
			path = "Preview Content";
			sourceTree = "<group>";
		};
/* End PBXGroup section */

/* Begin PBXNativeTarget section */
		6D41C1CD253F88B3003B4A88 /* Bookworm */ = {
			isa = PBXNativeTarget;
			buildConfigurationList = 6D41C1E2253F88B5003B4A88 /* Build configuration list for PBXNativeTarget "Bookworm" */;
			buildPhases = (
				6D41C1CA253F88B3003B4A88 /* Sources */,
				6D41C1CB253F88B3003B4A88 /* Frameworks */,
				6D41C1CC253F88B3003B4A88 /* Resources */,
			);
			buildRules = (
			);
			dependencies = (
			);
			name = Bookworm;
			productName = Bookworm;
			productReference = 6D41C1CE253F88B3003B4A88 /* Bookworm.app */;
			productType = "com.apple.product-type.application";
		};
/* End PBXNativeTarget section */

/* Begin PBXProject section */
		6D41C1C6253F88B3003B4A88 /* Project object */ = {
			isa = PBXProject;
			attributes = {
				LastSwiftUpdateCheck = 1200;
				LastUpgradeCheck = 1200;
				TargetAttributes = {
					6D41C1CD253F88B3003B4A88 = {
						CreatedOnToolsVersion = 12.0.1;
					};
				};
			};
			buildConfigurationList = 6D41C1C9253F88B3003B4A88 /* Build configuration list for PBXProject "Bookworm" */;
			compatibilityVersion = "Xcode 9.3";
			developmentRegion = en;
			hasScannedForEncodings = 0;
			knownRegions = (
				en,
				Base,
			);
			mainGroup = 6D41C1C5253F88B3003B4A88;
			productRefGroup = 6D41C1CF253F88B3003B4A88 /* Products */;
			projectDirPath = "";
			projectRoot = "";
			targets = (
				6D41C1CD253F88B3003B4A88 /* Bookworm */,
			);
		};
/* End PBXProject section */

/* Begin PBXResourcesBuildPhase section */
		6D41C1CC253F88B3003B4A88 /* Resources */ = {
			isa = PBXResourcesBuildPhase;
			buildActionMask = 2147483647;
			files = (
				6D41C1D9253F88B5003B4A88 /* Preview Assets.xcassets in Resources */,
				6D41C1D6253F88B5003B4A88 /* Assets.xcassets in Resources */,
				6D41C20C254390F1003B4A88 /* bookworm.gif in Resources */,
			);
			runOnlyForDeploymentPostprocessing = 0;
		};
/* End PBXResourcesBuildPhase section */

/* Begin PBXSourcesBuildPhase section */
		6D41C1CA253F88B3003B4A88 /* Sources */ = {
			isa = PBXSourcesBuildPhase;
			buildActionMask = 2147483647;
			files = (
				6D41C1DB253F88B5003B4A88 /* Persistence.swift in Sources */,
				6D41C208254237E3003B4A88 /* DetailView.swift in Sources */,
				6D41C1D4253F88B3003B4A88 /* ContentView.swift in Sources */,
				6D41C20425410548003B4A88 /* EmojiRatingView.swift in Sources */,
				6D41C1D2253F88B3003B4A88 /* BookwormApp.swift in Sources */,
				6D41C1FF2540FF90003B4A88 /* RatingView.swift in Sources */,
				6D41C1F02540E530003B4A88 /* AddBookView.swift in Sources */,
				6D41C1FA2540F551003B4A88 /* Bookworm.xcdatamodeld in Sources */,
			);
			runOnlyForDeploymentPostprocessing = 0;
		};
/* End PBXSourcesBuildPhase section */

/* Begin XCBuildConfiguration section */
		6D41C1E0253F88B5003B4A88 /* Debug */ = {
			isa = XCBuildConfiguration;
			buildSettings = {
				ALWAYS_SEARCH_USER_PATHS = NO;
				CLANG_ANALYZER_NONNULL = YES;
				CLANG_ANALYZER_NUMBER_OBJECT_CONVERSION = YES_AGGRESSIVE;
				CLANG_CXX_LANGUAGE_STANDARD = "gnu++14";
				CLANG_CXX_LIBRARY = "libc++";
				CLANG_ENABLE_MODULES = YES;
				CLANG_ENABLE_OBJC_ARC = YES;
				CLANG_ENABLE_OBJC_WEAK = YES;
				CLANG_WARN_BLOCK_CAPTURE_AUTORELEASING = YES;
				CLANG_WARN_BOOL_CONVERSION = YES;
				CLANG_WARN_COMMA = YES;
				CLANG_WARN_CONSTANT_CONVERSION = YES;
				CLANG_WARN_DEPRECATED_OBJC_IMPLEMENTATIONS = YES;
				CLANG_WARN_DIRECT_OBJC_ISA_USAGE = YES_ERROR;
				CLANG_WARN_DOCUMENTATION_COMMENTS = YES;
				CLANG_WARN_EMPTY_BODY = YES;
				CLANG_WARN_ENUM_CONVERSION = YES;
				CLANG_WARN_INFINITE_RECURSION = YES;
				CLANG_WARN_INT_CONVERSION = YES;
				CLANG_WARN_NON_LITERAL_NULL_CONVERSION = YES;
				CLANG_WARN_OBJC_IMPLICIT_RETAIN_SELF = YES;
				CLANG_WARN_OBJC_LITERAL_CONVERSION = YES;
				CLANG_WARN_OBJC_ROOT_CLASS = YES_ERROR;
				CLANG_WARN_QUOTED_INCLUDE_IN_FRAMEWORK_HEADER = YES;
				CLANG_WARN_RANGE_LOOP_ANALYSIS = YES;
				CLANG_WARN_STRICT_PROTOTYPES = YES;
				CLANG_WARN_SUSPICIOUS_MOVE = YES;
				CLANG_WARN_UNGUARDED_AVAILABILITY = YES_AGGRESSIVE;
				CLANG_WARN_UNREACHABLE_CODE = YES;
				CLANG_WARN__DUPLICATE_METHOD_MATCH = YES;
				COPY_PHASE_STRIP = NO;
				DEBUG_INFORMATION_FORMAT = dwarf;
				ENABLE_STRICT_OBJC_MSGSEND = YES;
				ENABLE_TESTABILITY = YES;
				GCC_C_LANGUAGE_STANDARD = gnu11;
				GCC_DYNAMIC_NO_PIC = NO;
				GCC_NO_COMMON_BLOCKS = YES;
				GCC_OPTIMIZATION_LEVEL = 0;
				GCC_PREPROCESSOR_DEFINITIONS = (
					"DEBUG=1",
					"$(inherited)",
				);
				GCC_WARN_64_TO_32_BIT_CONVERSION = YES;
				GCC_WARN_ABOUT_RETURN_TYPE = YES_ERROR;
				GCC_WARN_UNDECLARED_SELECTOR = YES;
				GCC_WARN_UNINITIALIZED_AUTOS = YES_AGGRESSIVE;
				GCC_WARN_UNUSED_FUNCTION = YES;
				GCC_WARN_UNUSED_VARIABLE = YES;
				IPHONEOS_DEPLOYMENT_TARGET = 14.0;
				MTL_ENABLE_DEBUG_INFO = INCLUDE_SOURCE;
				MTL_FAST_MATH = YES;
				ONLY_ACTIVE_ARCH = YES;
				SDKROOT = iphoneos;
				SWIFT_ACTIVE_COMPILATION_CONDITIONS = DEBUG;
				SWIFT_OPTIMIZATION_LEVEL = "-Onone";
			};
			name = Debug;
		};
		6D41C1E1253F88B5003B4A88 /* Release */ = {
			isa = XCBuildConfiguration;
			buildSettings = {
				ALWAYS_SEARCH_USER_PATHS = NO;
				CLANG_ANALYZER_NONNULL = YES;
				CLANG_ANALYZER_NUMBER_OBJECT_CONVERSION = YES_AGGRESSIVE;
				CLANG_CXX_LANGUAGE_STANDARD = "gnu++14";
				CLANG_CXX_LIBRARY = "libc++";
				CLANG_ENABLE_MODULES = YES;
				CLANG_ENABLE_OBJC_ARC = YES;
				CLANG_ENABLE_OBJC_WEAK = YES;
				CLANG_WARN_BLOCK_CAPTURE_AUTORELEASING = YES;
				CLANG_WARN_BOOL_CONVERSION = YES;
				CLANG_WARN_COMMA = YES;
				CLANG_WARN_CONSTANT_CONVERSION = YES;
				CLANG_WARN_DEPRECATED_OBJC_IMPLEMENTATIONS = YES;
				CLANG_WARN_DIRECT_OBJC_ISA_USAGE = YES_ERROR;
				CLANG_WARN_DOCUMENTATION_COMMENTS = YES;
				CLANG_WARN_EMPTY_BODY = YES;
				CLANG_WARN_ENUM_CONVERSION = YES;
				CLANG_WARN_INFINITE_RECURSION = YES;
				CLANG_WARN_INT_CONVERSION = YES;
				CLANG_WARN_NON_LITERAL_NULL_CONVERSION = YES;
				CLANG_WARN_OBJC_IMPLICIT_RETAIN_SELF = YES;
				CLANG_WARN_OBJC_LITERAL_CONVERSION = YES;
				CLANG_WARN_OBJC_ROOT_CLASS = YES_ERROR;
				CLANG_WARN_QUOTED_INCLUDE_IN_FRAMEWORK_HEADER = YES;
				CLANG_WARN_RANGE_LOOP_ANALYSIS = YES;
				CLANG_WARN_STRICT_PROTOTYPES = YES;
				CLANG_WARN_SUSPICIOUS_MOVE = YES;
				CLANG_WARN_UNGUARDED_AVAILABILITY = YES_AGGRESSIVE;
				CLANG_WARN_UNREACHABLE_CODE = YES;
				CLANG_WARN__DUPLICATE_METHOD_MATCH = YES;
				COPY_PHASE_STRIP = NO;
				DEBUG_INFORMATION_FORMAT = "dwarf-with-dsym";
				ENABLE_NS_ASSERTIONS = NO;
				ENABLE_STRICT_OBJC_MSGSEND = YES;
				GCC_C_LANGUAGE_STANDARD = gnu11;
				GCC_NO_COMMON_BLOCKS = YES;
				GCC_WARN_64_TO_32_BIT_CONVERSION = YES;
				GCC_WARN_ABOUT_RETURN_TYPE = YES_ERROR;
				GCC_WARN_UNDECLARED_SELECTOR = YES;
				GCC_WARN_UNINITIALIZED_AUTOS = YES_AGGRESSIVE;
				GCC_WARN_UNUSED_FUNCTION = YES;
				GCC_WARN_UNUSED_VARIABLE = YES;
				IPHONEOS_DEPLOYMENT_TARGET = 14.0;
				MTL_ENABLE_DEBUG_INFO = NO;
				MTL_FAST_MATH = YES;
				SDKROOT = iphoneos;
				SWIFT_COMPILATION_MODE = wholemodule;
				SWIFT_OPTIMIZATION_LEVEL = "-O";
				VALIDATE_PRODUCT = YES;
			};
			name = Release;
		};
		6D41C1E3253F88B5003B4A88 /* Debug */ = {
			isa = XCBuildConfiguration;
			buildSettings = {
				ASSETCATALOG_COMPILER_APPICON_NAME = AppIcon;
				ASSETCATALOG_COMPILER_GLOBAL_ACCENT_COLOR_NAME = AccentColor;
				CODE_SIGN_STYLE = Automatic;
				DEVELOPMENT_ASSET_PATHS = "\"Bookworm/Preview Content\"";
				ENABLE_PREVIEWS = YES;
				INFOPLIST_FILE = Bookworm/Info.plist;
				IPHONEOS_DEPLOYMENT_TARGET = 14.0;
				LD_RUNPATH_SEARCH_PATHS = (
					"$(inherited)",
					"@executable_path/Frameworks",
				);
				PRODUCT_BUNDLE_IDENTIFIER = com.rafaelcalunga.Bookworm;
				PRODUCT_NAME = "$(TARGET_NAME)";
				SWIFT_VERSION = 5.0;
				TARGETED_DEVICE_FAMILY = "1,2";
			};
			name = Debug;
		};
		6D41C1E4253F88B5003B4A88 /* Release */ = {
			isa = XCBuildConfiguration;
			buildSettings = {
				ASSETCATALOG_COMPILER_APPICON_NAME = AppIcon;
				ASSETCATALOG_COMPILER_GLOBAL_ACCENT_COLOR_NAME = AccentColor;
				CODE_SIGN_STYLE = Automatic;
				DEVELOPMENT_ASSET_PATHS = "\"Bookworm/Preview Content\"";
				ENABLE_PREVIEWS = YES;
				INFOPLIST_FILE = Bookworm/Info.plist;
				IPHONEOS_DEPLOYMENT_TARGET = 14.0;
				LD_RUNPATH_SEARCH_PATHS = (
					"$(inherited)",
					"@executable_path/Frameworks",
				);
				PRODUCT_BUNDLE_IDENTIFIER = com.rafaelcalunga.Bookworm;
				PRODUCT_NAME = "$(TARGET_NAME)";
				SWIFT_VERSION = 5.0;
				TARGETED_DEVICE_FAMILY = "1,2";
			};
			name = Release;
		};
/* End XCBuildConfiguration section */

/* Begin XCConfigurationList section */
		6D41C1C9253F88B3003B4A88 /* Build configuration list for PBXProject "Bookworm" */ = {
			isa = XCConfigurationList;
			buildConfigurations = (
				6D41C1E0253F88B5003B4A88 /* Debug */,
				6D41C1E1253F88B5003B4A88 /* Release */,
			);
			defaultConfigurationIsVisible = 0;
			defaultConfigurationName = Release;
		};
		6D41C1E2253F88B5003B4A88 /* Build configuration list for PBXNativeTarget "Bookworm" */ = {
			isa = XCConfigurationList;
			buildConfigurations = (
				6D41C1E3253F88B5003B4A88 /* Debug */,
				6D41C1E4253F88B5003B4A88 /* Release */,
			);
			defaultConfigurationIsVisible = 0;
			defaultConfigurationName = Release;
		};
/* End XCConfigurationList section */

/* Begin XCVersionGroup section */
		6D41C1F82540F551003B4A88 /* Bookworm.xcdatamodeld */ = {
			isa = XCVersionGroup;
			children = (
				6D41C1F92540F551003B4A88 /* Bookworm.xcdatamodel */,
			);
			currentVersion = 6D41C1F92540F551003B4A88 /* Bookworm.xcdatamodel */;
			path = Bookworm.xcdatamodeld;
			sourceTree = "<group>";
			versionGroupType = wrapper.xcdatamodel;
		};
/* End XCVersionGroup section */
	};
	rootObject = 6D41C1C6253F88B3003B4A88 /* Project object */;
}
